
Microsoft Visual Studio Solution File, Format Version 10.00
# Visual Studio 2008
Project("{EAF909A5-FA59-4C3D-9431-0FCC20D5BCF9}") = "Game", "Game\Game.icproj", "{E7A7C376-8D5F-4647-AC65-B44A28FDB7B2}"
	ProjectSection(ProjectDependencies) = postProject
		{1F75C075-6CD9-41D2-A771-F12556414E93} = {1F75C075-6CD9-41D2-A771-F12556414E93}
		{9F8AACB6-5F1B-463C-ADF0-CD0ADA749A06} = {9F8AACB6-5F1B-463C-ADF0-CD0ADA749A06}
	EndProjectSection
EndProject
Project("{EAF909A5-FA59-4C3D-9431-0FCC20D5BCF9}") = "hge", "..\src\core\hge.icproj", "{9F8AACB6-5F1B-463C-ADF0-CD0ADA749A06}"
EndProject
Project("{EAF909A5-FA59-4C3D-9431-0FCC20D5BCF9}") = "hgehelp", "..\src\helpers\hgehelp.icproj", "{1F75C075-6CD9-41D2-A771-F12556414E93}"
	ProjectSection(ProjectDependencies) = postProject
		{9F8AACB6-5F1B-463C-ADF0-CD0ADA749A06} = {9F8AACB6-5F1B-463C-ADF0-CD0ADA749A06}
	EndProjectSection
EndProject
Global
	GlobalSection(SolutionConfigurationPlatforms) = preSolution
		Debug|Win32 = Debug|Win32
		Release|Win32 = Release|Win32
	EndGlobalSection
	GlobalSection(ProjectConfigurationPlatforms) = postSolution
		{E7A7C376-8D5F-4647-AC65-B44A28FDB7B2}.Debug|Win32.ActiveCfg = Debug|Win32
		{E7A7C376-8D5F-4647-AC65-B44A28FDB7B2}.Debug|Win32.Build.0 = Debug|Win32
		{E7A7C376-8D5F-4647-AC65-B44A28FDB7B2}.Release|Win32.ActiveCfg = Release|Win32
		{E7A7C376-8D5F-4647-AC65-B44A28FDB7B2}.Release|Win32.Build.0 = Release|Win32
		{B36ED7CF-3E22-4A75-93BC-40D6BCECE0DB}.Debug|Win32.ActiveCfg = Debug|Win32
		{B36ED7CF-3E22-4A75-93BC-40D6BCECE0DB}.Debug|Win32.Build.0 = Debug|Win32
		{B36ED7CF-3E22-4A75-93BC-40D6BCECE0DB}.Release|Win32.ActiveCfg = Release|Win32
		{B36ED7CF-3E22-4A75-93BC-40D6BCECE0DB}.Release|Win32.Build.0 = Release|Win32
		{9F8AACB6-5F1B-463C-ADF0-CD0ADA749A06}.Debug|Win32.ActiveCfg = Debug|Win32
		{9F8AACB6-5F1B-463C-ADF0-CD0ADA749A06}.Debug|Win32.Build.0 = Debug|Win32
		{9F8AACB6-5F1B-463C-ADF0-CD0ADA749A06}.Release|Win32.ActiveCfg = Release|Win32
		{9F8AACB6-5F1B-463C-ADF0-CD0ADA749A06}.Release|Win32.Build.0 = Release|Win32
		{32B00EEA-7CF8-44B6-82B4-0EA67C7C4E54}.Debug|Win32.ActiveCfg = Debug|Win32
		{32B00EEA-7CF8-44B6-82B4-0EA67C7C4E54}.Release|Win32.ActiveCfg = Release|Win32
		{1F75C075-6CD9-41D2-A771-F12556414E93}.Debug|Win32.ActiveCfg = Debug|Win32
		{1F75C075-6CD9-41D2-A771-F12556414E93}.Debug|Win32.Build.0 = Debug|Win32
		{1F75C075-6CD9-41D2-A771-F12556414E93}.Release|Win32.ActiveCfg = Release|Win32
		{1F75C075-6CD9-41D2-A771-F12556414E93}.Release|Win32.Build.0 = Release|Win32
		{FA197D84-4A1A-4FD4-92FA-536A84867C25}.Debug|Win32.ActiveCfg = Debug|Win32
		{FA197D84-4A1A-4FD4-92FA-536A84867C25}.Release|Win32.ActiveCfg = Release|Win32
	EndGlobalSection
	GlobalSection(SolutionProperties) = preSolution
		HideSolutionNode = FALSE
	EndGlobalSection
EndGlobal
