<?xml version="1.0" encoding="utf-8"?>
<Project ToolsVersion="4.0" xmlns="http://schemas.microsoft.com/developer/msbuild/2003">
  <ItemGroup>
    <Filter Include="Source Files">
      <UniqueIdentifier>{3f7364a9-3bda-42c6-9eca-e822a038858c}</UniqueIdentifier>
      <Extensions>cpp;c;cxx;rc;def;r;odl;idl;hpj;bat</Extensions>
    </Filter>
    <Filter Include="Source Files\ZLIB">
      <UniqueIdentifier>{61afd7e9-c449-4940-90bd-4bfc0c8596bd}</UniqueIdentifier>
    </Filter>
    <Filter Include="Source Files\MMGR">
      <UniqueIdentifier>{5f978d71-0d1b-451c-ba63-4e1b41934272}</UniqueIdentifier>
    </Filter>
    <Filter Include="Source Files\Exception">
      <UniqueIdentifier>{fc1df389-3f44-4f96-9773-7798a42d3b02}</UniqueIdentifier>
    </Filter>
    <Filter Include="Source Files\PSP">
      <UniqueIdentifier>{8281099a-2209-4191-86bd-5f69301c77ae}</UniqueIdentifier>
    </Filter>
    <Filter Include="Header Files">
      <UniqueIdentifier>{7489ae97-3e2d-441c-9550-c64ee8cbf799}</UniqueIdentifier>
      <Extensions>h;hpp;hxx;hm;inl</Extensions>
    </Filter>
  </ItemGroup>
  <ItemGroup>
    <ClCompile Include="font.cpp">
      <Filter>Source Files</Filter>
    </ClCompile>
    <ClCompile Include="graphics.cpp">
      <Filter>Source Files</Filter>
    </ClCompile>
    <ClCompile Include="ini.cpp">
      <Filter>Source Files</Filter>
    </ClCompile>
    <ClCompile Include="input.cpp">
      <Filter>Source Files</Filter>
    </ClCompile>
    <ClCompile Include="math.cpp">
      <Filter>Source Files</Filter>
    </ClCompile>
    <ClCompile Include="random.cpp">
      <Filter>Source Files</Filter>
    </ClCompile>
    <ClCompile Include="resource.cpp">
      <Filter>Source Files</Filter>
    </ClCompile>
    <ClCompile Include="sound.cpp">
      <Filter>Source Files</Filter>
    </ClCompile>
    <ClCompile Include="system.cpp">
      <Filter>Source Files</Filter>
    </ClCompile>
    <ClCompile Include="timer.cpp">
      <Filter>Source Files</Filter>
    </ClCompile>
    <ClCompile Include="Zlib\adler32.c">
      <Filter>Source Files\ZLIB</Filter>
    </ClCompile>
    <ClCompile Include="Zlib\compress.c">
      <Filter>Source Files\ZLIB</Filter>
    </ClCompile>
    <ClCompile Include="Zlib\crc32.c">
      <Filter>Source Files\ZLIB</Filter>
    </ClCompile>
    <ClCompile Include="Zlib\deflate.c">
      <Filter>Source Files\ZLIB</Filter>
    </ClCompile>
    <ClCompile Include="Zlib\infback.c">
      <Filter>Source Files\ZLIB</Filter>
    </ClCompile>
    <ClCompile Include="Zlib\inffast.c">
      <Filter>Source Files\ZLIB</Filter>
    </ClCompile>
    <ClCompile Include="Zlib\inflate.c">
      <Filter>Source Files\ZLIB</Filter>
    </ClCompile>
    <ClCompile Include="Zlib\inftrees.c">
      <Filter>Source Files\ZLIB</Filter>
    </ClCompile>
    <ClCompile Include="Zlib\ioapi.c">
      <Filter>Source Files\ZLIB</Filter>
    </ClCompile>
    <ClCompile Include="Zlib\iowin32.c">
      <Filter>Source Files\ZLIB</Filter>
    </ClCompile>
    <ClCompile Include="Zlib\mztools.c">
      <Filter>Source Files\ZLIB</Filter>
    </ClCompile>
    <ClCompile Include="Zlib\trees.c">
      <Filter>Source Files\ZLIB</Filter>
    </ClCompile>
    <ClCompile Include="Zlib\uncompr.c">
      <Filter>Source Files\ZLIB</Filter>
    </ClCompile>
    <ClCompile Include="Zlib\unzip.c">
      <Filter>Source Files\ZLIB</Filter>
    </ClCompile>
    <ClCompile Include="Zlib\zip.c">
      <Filter>Source Files\ZLIB</Filter>
    </ClCompile>
    <ClCompile Include="Zlib\zutil.c">
      <Filter>Source Files\ZLIB</Filter>
    </ClCompile>
    <ClCompile Include="..\..\mmgr\mmgr.cpp">
      <Filter>Source Files\MMGR</Filter>
    </ClCompile>
    <ClCompile Include="..\Exception\exception.c">
      <Filter>Source Files\Exception</Filter>
    </ClCompile>
    <ClCompile Include="..\PSP\PSP_framebuffer.cpp">
      <Filter>Source Files\PSP</Filter>
    </ClCompile>
    <ClCompile Include="..\PSP\PSP_graphics.cpp">
      <Filter>Source Files\PSP</Filter>
    </ClCompile>
    <ClCompile Include="ZLIB\gzclose.c">
      <Filter>Source Files\ZLIB</Filter>
    </ClCompile>
    <ClCompile Include="ZLIB\gzlib.c">
      <Filter>Source Files\ZLIB</Filter>
    </ClCompile>
    <ClCompile Include="ZLIB\gzread.c">
      <Filter>Source Files\ZLIB</Filter>
    </ClCompile>
    <ClCompile Include="ZLIB\gzwrite.c">
      <Filter>Source Files\ZLIB</Filter>
    </ClCompile>
  </ItemGroup>
  <ItemGroup>
    <None Include="hge.def">
      <Filter>Source Files</Filter>
    </None>
  </ItemGroup>
  <ItemGroup>
    <ClInclude Include="..\..\mmgr\mmgr.h">
      <Filter>Source Files\MMGR</Filter>
    </ClInclude>
    <ClInclude Include="..\..\mmgr\nommgr.h">
      <Filter>Source Files\MMGR</Filter>
    </ClInclude>
    <ClInclude Include="..\..\include\exception.h">
      <Filter>Source Files\Exception</Filter>
    </ClInclude>
    <ClInclude Include="..\PSP\PSP_framebuffer.h">
      <Filter>Source Files\PSP</Filter>
    </ClInclude>
    <ClInclude Include="..\PSP\PSP_graphics.h">
      <Filter>Source Files\PSP</Filter>
    </ClInclude>
    <ClInclude Include="..\..\include\hge.h">
      <Filter>Header Files</Filter>
    </ClInclude>
    <ClInclude Include="..\..\include\hge_defines.h">
      <Filter>Header Files</Filter>
    </ClInclude>
    <ClInclude Include="hge_impl.h">
      <Filter>Header Files</Filter>
    </ClInclude>
    <ClInclude Include="ZLIB\crc32.h">
      <Filter>Source Files\ZLIB</Filter>
    </ClInclude>
    <ClInclude Include="ZLIB\crypt.h">
      <Filter>Source Files\ZLIB</Filter>
    </ClInclude>
    <ClInclude Include="ZLIB\deflate.h">
      <Filter>Source Files\ZLIB</Filter>
    </ClInclude>
    <ClInclude Include="ZLIB\gzguts.h">
      <Filter>Source Files\ZLIB</Filter>
    </ClInclude>
    <ClInclude Include="ZLIB\inffast.h">
      <Filter>Source Files\ZLIB</Filter>
    </ClInclude>
    <ClInclude Include="ZLIB\inffixed.h">
      <Filter>Source Files\ZLIB</Filter>
    </ClInclude>
    <ClInclude Include="ZLIB\inflate.h">
      <Filter>Source Files\ZLIB</Filter>
    </ClInclude>
    <ClInclude Include="ZLIB\inftrees.h">
      <Filter>Source Files\ZLIB</Filter>
    </ClInclude>
    <ClInclude Include="ZLIB\ioapi.h">
      <Filter>Source Files\ZLIB</Filter>
    </ClInclude>
    <ClInclude Include="ZLIB\iowin32.h">
      <Filter>Source Files\ZLIB</Filter>
    </ClInclude>
    <ClInclude Include="ZLIB\mztools.h">
      <Filter>Source Files\ZLIB</Filter>
    </ClInclude>
    <ClInclude Include="ZLIB\trees.h">
      <Filter>Source Files\ZLIB</Filter>
    </ClInclude>
    <ClInclude Include="ZLIB\unzip.h">
      <Filter>Source Files\ZLIB</Filter>
    </ClInclude>
    <ClInclude Include="ZLIB\zconf.h">
      <Filter>Source Files\ZLIB</Filter>
    </ClInclude>
    <ClInclude Include="ZLIB\zconf.in.h">
      <Filter>Source Files\ZLIB</Filter>
    </ClInclude>
    <ClInclude Include="ZLIB\zip.h">
      <Filter>Source Files\ZLIB</Filter>
    </ClInclude>
    <ClInclude Include="ZLIB\zlib.h">
      <Filter>Source Files\ZLIB</Filter>
    </ClInclude>
    <ClInclude Include="ZLIB\zutil.h">
      <Filter>Source Files\ZLIB</Filter>
    </ClInclude>
  </ItemGroup>
</Project>